// !$*UTF8*$!
{
	archiveVersion = 1;
	classes = {
	};
	objectVersion = 50;
	objects = {

/* Begin PBXBuildFile section */
		A61ED3B823762AB8000C0C83 /* AppDelegate.swift in Sources */ = {isa = PBXBuildFile; fileRef = A61ED3B723762AB8000C0C83 /* AppDelegate.swift */; };
		A61ED3BA23762AB8000C0C83 /* SceneDelegate.swift in Sources */ = {isa = PBXBuildFile; fileRef = A61ED3B923762AB8000C0C83 /* SceneDelegate.swift */; };
		A61ED3BC23762AB8000C0C83 /* ViewController.swift in Sources */ = {isa = PBXBuildFile; fileRef = A61ED3BB23762AB8000C0C83 /* ViewController.swift */; };
		A61ED3BF23762AB8000C0C83 /* Main.storyboard in Resources */ = {isa = PBXBuildFile; fileRef = A61ED3BD23762AB8000C0C83 /* Main.storyboard */; };
		A61ED3C123762AB8000C0C83 /* Assets.xcassets in Resources */ = {isa = PBXBuildFile; fileRef = A61ED3C023762AB8000C0C83 /* Assets.xcassets */; };
		A61ED3C423762AB8000C0C83 /* LaunchScreen.storyboard in Resources */ = {isa = PBXBuildFile; fileRef = A61ED3C223762AB8000C0C83 /* LaunchScreen.storyboard */; };
/* End PBXBuildFile section */

/* Begin PBXFileReference section */
		A61ED3B423762AB8000C0C83 /* FunFact.app */ = {isa = PBXFileReference; explicitFileType = wrapper.application; includeInIndex = 0; path = FunFact.app; sourceTree = BUILT_PRODUCTS_DIR; };
		A61ED3B723762AB8000C0C83 /* AppDelegate.swift */ = {isa = PBXFileReference; lastKnownFileType = sourcecode.swift; path = AppDelegate.swift; sourceTree = "<group>"; };
		A61ED3B923762AB8000C0C83 /* SceneDelegate.swift */ = {isa = PBXFileReference; lastKnownFileType = sourcecode.swift; path = SceneDelegate.swift; sourceTree = "<group>"; };
		A61ED3BB23762AB8000C0C83 /* ViewController.swift */ = {isa = PBXFileReference; lastKnownFileType = sourcecode.swift; path = ViewController.swift; sourceTree = "<group>"; };
		A61ED3BE23762AB8000C0C83 /* Base */ = {isa = PBXFileReference; lastKnownFileType = file.storyboard; name = Base; path = Base.lproj/Main.storyboard; sourceTree = "<group>"; };
		A61ED3C023762AB8000C0C83 /* Assets.xcassets */ = {isa = PBXFileReference; lastKnownFileType = folder.assetcatalog; path = Assets.xcassets; sourceTree = "<group>"; };
		A61ED3C323762AB8000C0C83 /* Base */ = {isa = PBXFileReference; lastKnownFileType = file.storyboard; name = Base; path = Base.lproj/LaunchScreen.storyboard; sourceTree = "<group>"; };
		A61ED3C523762AB8000C0C83 /* Info.plist */ = {isa = PBXFileReference; lastKnownFileType = text.plist.xml; path = Info.plist; sourceTree = "<group>"; };
/* End PBXFileReference section */

/* Begin PBXFrameworksBuildPhase section */
		A61ED3B123762AB8000C0C83 /* Frameworks */ = {
			isa = PBXFrameworksBuildPhase;
			buildActionMask = 2147483647;
			files = (
			);
			runOnlyForDeploymentPostprocessing = 0;
		};
/* End PBXFrameworksBuildPhase section */

/* Begin PBXGroup section */
		A61ED3AB23762AB8000C0C83 = {
			isa = PBXGroup;
			children = (
				A61ED3B623762AB8000C0C83 /* FunFact */,
				A61ED3B523762AB8000C0C83 /* Products */,
			);
			sourceTree = "<group>";
		};
		A61ED3B523762AB8000C0C83 /* Products */ = {
			isa = PBXGroup;
			children = (
				A61ED3B423762AB8000C0C83 /* FunFact.app */,
			);
			name = Products;
			sourceTree = "<group>";
		};
		A61ED3B623762AB8000C0C83 /* FunFact */ = {
			isa = PBXGroup;
			children = (
				A61ED3B723762AB8000C0C83 /* AppDelegate.swift */,
				A61ED3B923762AB8000C0C83 /* SceneDelegate.swift */,
				A61ED3BB23762AB8000C0C83 /* ViewController.swift */,
				A61ED3BD23762AB8000C0C83 /* Main.storyboard */,
				A61ED3C023762AB8000C0C83 /* Assets.xcassets */,
				A61ED3C223762AB8000C0C83 /* LaunchScreen.storyboard */,
				A61ED3C523762AB8000C0C83 /* Info.plist */,
			);
			path = FunFact;
			sourceTree = "<group>";
		};
/* End PBXGroup section */

/* Begin PBXNativeTarget section */
		A61ED3B323762AB8000C0C83 /* FunFact */ = {
			isa = PBXNativeTarget;
			buildConfigurationList = A61ED3C823762AB8000C0C83 /* Build configuration list for PBXNativeTarget "FunFact" */;
			buildPhases = (
				A61ED3B023762AB8000C0C83 /* Sources */,
				A61ED3B123762AB8000C0C83 /* Frameworks */,
				A61ED3B223762AB8000C0C83 /* Resources */,
			);
			buildRules = (
			);
			dependencies = (
			);
			name = FunFact;
			productName = FunFact;
			productReference = A61ED3B423762AB8000C0C83 /* FunFact.app */;
			productType = "com.apple.product-type.application";
		};
/* End PBXNativeTarget section */

/* Begin PBXProject section */
		A61ED3AC23762AB8000C0C83 /* Project object */ = {
			isa = PBXProject;
			attributes = {
				LastSwiftUpdateCheck = 1120;
				LastUpgradeCheck = 1120;
				ORGANIZATIONNAME = "Travis Chapman";
				TargetAttributes = {
					A61ED3B323762AB8000C0C83 = {
						CreatedOnToolsVersion = 11.2.1;
					};
				};
			};
			buildConfigurationList = A61ED3AF23762AB8000C0C83 /* Build configuration list for PBXProject "FunFact" */;
			compatibilityVersion = "Xcode 9.3";
			developmentRegion = en;
			hasScannedForEncodings = 0;
			knownRegions = (
				en,
				Base,
			);
			mainGroup = A61ED3AB23762AB8000C0C83;
			productRefGroup = A61ED3B523762AB8000C0C83 /* Products */;
			projectDirPath = "";
			projectRoot = "";
			targets = (
				A61ED3B323762AB8000C0C83 /* FunFact */,
			);
		};
/* End PBXProject section */

/* Begin PBXResourcesBuildPhase section */
		A61ED3B223762AB8000C0C83 /* Resources */ = {
			isa = PBXResourcesBuildPhase;
			buildActionMask = 2147483647;
			files = (
				A61ED3C423762AB8000C0C83 /* LaunchScreen.storyboard in Resources */,
				A61ED3C123762AB8000C0C83 /* Assets.xcassets in Resources */,
				A61ED3BF23762AB8000C0C83 /* Main.storyboard in Resources */,
			);
			runOnlyForDeploymentPostprocessing = 0;
		};
/* End PBXResourcesBuildPhase section */

/* Begin PBXSourcesBuildPhase section */
		A61ED3B023762AB8000C0C83 /* Sources */ = {
			isa = PBXSourcesBuildPhase;
			buildActionMask = 2147483647;
			files = (
				A61ED3BC23762AB8000C0C83 /* ViewController.swift in Sources */,
				A61ED3B823762AB8000C0C83 /* AppDelegate.swift in Sources */,
				A61ED3BA23762AB8000C0C83 /* SceneDelegate.swift in Sources */,
			);
			runOnlyForDeploymentPostprocessing = 0;
		};
/* End PBXSourcesBuildPhase section */

/* Begin PBXVariantGroup section */
		A61ED3BD23762AB8000C0C83 /* Main.storyboard */ = {
			isa = PBXVariantGroup;
			children = (
				A61ED3BE23762AB8000C0C83 /* Base */,
			);
			name = Main.storyboard;
			sourceTree = "<group>";
		};
		A61ED3C223762AB8000C0C83 /* LaunchScreen.storyboard */ = {
			isa = PBXVariantGroup;
			children = (
				A61ED3C323762AB8000C0C83 /* Base */,
			);
			name = LaunchScreen.storyboard;
			sourceTree = "<group>";
		};
/* End PBXVariantGroup section */

/* Begin XCBuildConfiguration section */
		A61ED3C623762AB8000C0C83 /* Debug */ = {
			isa = XCBuildConfiguration;
			buildSettings = {
				ALWAYS_SEARCH_USER_PATHS = NO;
				CLANG_ANALYZER_NONNULL = YES;
				CLANG_ANALYZER_NUMBER_OBJECT_CONVERSION = YES_AGGRESSIVE;
				CLANG_CXX_LANGUAGE_STANDARD = "gnu++14";
				CLANG_CXX_LIBRARY = "libc++";
				CLANG_ENABLE_MODULES = YES;
				CLANG_ENABLE_OBJC_ARC = YES;
				CLANG_ENABLE_OBJC_WEAK = YES;
				CLANG_WARN_BLOCK_CAPTURE_AUTORELEASING = YES;
				CLANG_WARN_BOOL_CONVERSION = YES;
				CLANG_WARN_COMMA = YES;
				CLANG_WARN_CONSTANT_CONVERSION = YES;
				CLANG_WARN_DEPRECATED_OBJC_IMPLEMENTATIONS = YES;
				CLANG_WARN_DIRECT_OBJC_ISA_USAGE = YES_ERROR;
				CLANG_WARN_DOCUMENTATION_COMMENTS = YES;
				CLANG_WARN_EMPTY_BODY = YES;
				CLANG_WARN_ENUM_CONVERSION = YES;
				CLANG_WARN_INFINITE_RECURSION = YES;
				CLANG_WARN_INT_CONVERSION = YES;
				CLANG_WARN_NON_LITERAL_NULL_CONVERSION = YES;
				CLANG_WARN_OBJC_IMPLICIT_RETAIN_SELF = YES;
				CLANG_WARN_OBJC_LITERAL_CONVERSION = YES;
				CLANG_WARN_OBJC_ROOT_CLASS = YES_ERROR;
				CLANG_WARN_RANGE_LOOP_ANALYSIS = YES;
				CLANG_WARN_STRICT_PROTOTYPES = YES;
				CLANG_WARN_SUSPICIOUS_MOVE = YES;
				CLANG_WARN_UNGUARDED_AVAILABILITY = YES_AGGRESSIVE;
				CLANG_WARN_UNREACHABLE_CODE = YES;
				CLANG_WARN__DUPLICATE_METHOD_MATCH = YES;
				COPY_PHASE_STRIP = NO;
				DEBUG_INFORMATION_FORMAT = dwarf;
				ENABLE_STRICT_OBJC_MSGSEND = YES;
				ENABLE_TESTABILITY = YES;
				GCC_C_LANGUAGE_STANDARD = gnu11;
				GCC_DYNAMIC_NO_PIC = NO;
				GCC_NO_COMMON_BLOCKS = YES;
				GCC_OPTIMIZATION_LEVEL = 0;
				GCC_PREPROCESSOR_DEFINITIONS = (
					"DEBUG=1",
					"$(inherited)",
				);
				GCC_WARN_64_TO_32_BIT_CONVERSION = YES;
				GCC_WARN_ABOUT_RETURN_TYPE = YES_ERROR;
				GCC_WARN_UNDECLARED_SELECTOR = YES;
				GCC_WARN_UNINITIALIZED_AUTOS = YES_AGGRESSIVE;
				GCC_WARN_UNUSED_FUNCTION = YES;
				GCC_WARN_UNUSED_VARIABLE = YES;
				IPHONEOS_DEPLOYMENT_TARGET = 13.2;
				MTL_ENABLE_DEBUG_INFO = INCLUDE_SOURCE;
				MTL_FAST_MATH = YES;
				ONLY_ACTIVE_ARCH = YES;
				SDKROOT = iphoneos;
				SWIFT_ACTIVE_COMPILATION_CONDITIONS = DEBUG;
				SWIFT_OPTIMIZATION_LEVEL = "-Onone";
			};
			name = Debug;
		};
		A61ED3C723762AB8000C0C83 /* Release */ = {
			isa = XCBuildConfiguration;
			buildSettings = {
				ALWAYS_SEARCH_USER_PATHS = NO;
				CLANG_ANALYZER_NONNULL = YES;
				CLANG_ANALYZER_NUMBER_OBJECT_CONVERSION = YES_AGGRESSIVE;
				CLANG_CXX_LANGUAGE_STANDARD = "gnu++14";
				CLANG_CXX_LIBRARY = "libc++";
				CLANG_ENABLE_MODULES = YES;
				CLANG_ENABLE_OBJC_ARC = YES;
				CLANG_ENABLE_OBJC_WEAK = YES;
				CLANG_WARN_BLOCK_CAPTURE_AUTORELEASING = YES;
				CLANG_WARN_BOOL_CONVERSION = YES;
				CLANG_WARN_COMMA = YES;
				CLANG_WARN_CONSTANT_CONVERSION = YES;
				CLANG_WARN_DEPRECATED_OBJC_IMPLEMENTATIONS = YES;
				CLANG_WARN_DIRECT_OBJC_ISA_USAGE = YES_ERROR;
				CLANG_WARN_DOCUMENTATION_COMMENTS = YES;
				CLANG_WARN_EMPTY_BODY = YES;
				CLANG_WARN_ENUM_CONVERSION = YES;
				CLANG_WARN_INFINITE_RECURSION = YES;
				CLANG_WARN_INT_CONVERSION = YES;
				CLANG_WARN_NON_LITERAL_NULL_CONVERSION = YES;
				CLANG_WARN_OBJC_IMPLICIT_RETAIN_SELF = YES;
				CLANG_WARN_OBJC_LITERAL_CONVERSION = YES;
				CLANG_WARN_OBJC_ROOT_CLASS = YES_ERROR;
				CLANG_WARN_RANGE_LOOP_ANALYSIS = YES;
				CLANG_WARN_STRICT_PROTOTYPES = YES;
				CLANG_WARN_SUSPICIOUS_MOVE = YES;
				CLANG_WARN_UNGUARDED_AVAILABILITY = YES_AGGRESSIVE;
				CLANG_WARN_UNREACHABLE_CODE = YES;
				CLANG_WARN__DUPLICATE_METHOD_MATCH = YES;
				COPY_PHASE_STRIP = NO;
				DEBUG_INFORMATION_FORMAT = "dwarf-with-dsym";
				ENABLE_NS_ASSERTIONS = NO;
				ENABLE_STRICT_OBJC_MSGSEND = YES;
				GCC_C_LANGUAGE_STANDARD = gnu11;
				GCC_NO_COMMON_BLOCKS = YES;
				GCC_WARN_64_TO_32_BIT_CONVERSION = YES;
				GCC_WARN_ABOUT_RETURN_TYPE = YES_ERROR;
				GCC_WARN_UNDECLARED_SELECTOR = YES;
				GCC_WARN_UNINITIALIZED_AUTOS = YES_AGGRESSIVE;
				GCC_WARN_UNUSED_FUNCTION = YES;
				GCC_WARN_UNUSED_VARIABLE = YES;
				IPHONEOS_DEPLOYMENT_TARGET = 13.2;
				MTL_ENABLE_DEBUG_INFO = NO;
				MTL_FAST_MATH = YES;
				SDKROOT = iphoneos;
				SWIFT_COMPILATION_MODE = wholemodule;
				SWIFT_OPTIMIZATION_LEVEL = "-O";
				VALIDATE_PRODUCT = YES;
			};
			name = Release;
		};
		A61ED3C923762AB8000C0C83 /* Debug */ = {
			isa = XCBuildConfiguration;
			buildSettings = {
				ASSETCATALOG_COMPILER_APPICON_NAME = AppIcon;
				CODE_SIGN_STYLE = Automatic;
				INFOPLIST_FILE = FunFact/Info.plist;
				LD_RUNPATH_SEARCH_PATHS = (
					"$(inherited)",
					"@executable_path/Frameworks",
				);
				PRODUCT_BUNDLE_IDENTIFIER = org.travischapman.FunFact;
				PRODUCT_NAME = "$(TARGET_NAME)";
				SWIFT_VERSION = 5.0;
				TARGETED_DEVICE_FAMILY = "1,2";
			};
			name = Debug;
		};
		A61ED3CA23762AB8000C0C83 /* Release */ = {
			isa = XCBuildConfiguration;
			buildSettings = {
				ASSETCATALOG_COMPILER_APPICON_NAME = AppIcon;
				CODE_SIGN_STYLE = Automatic;
				INFOPLIST_FILE = FunFact/Info.plist;
				LD_RUNPATH_SEARCH_PATHS = (
					"$(inherited)",
					"@executable_path/Frameworks",
				);
				PRODUCT_BUNDLE_IDENTIFIER = org.travischapman.FunFact;
				PRODUCT_NAME = "$(TARGET_NAME)";
				SWIFT_VERSION = 5.0;
				TARGETED_DEVICE_FAMILY = "1,2";
			};
			name = Release;
		};
/* End XCBuildConfiguration section */

/* Begin XCConfigurationList section */
		A61ED3AF23762AB8000C0C83 /* Build configuration list for PBXProject "FunFact" */ = {
			isa = XCConfigurationList;
			buildConfigurations = (
				A61ED3C623762AB8000C0C83 /* Debug */,
				A61ED3C723762AB8000C0C83 /* Release */,
			);
			defaultConfigurationIsVisible = 0;
			defaultConfigurationName = Release;
		};
		A61ED3C823762AB8000C0C83 /* Build configuration list for PBXNativeTarget "FunFact" */ = {
			isa = XCConfigurationList;
			buildConfigurations = (
				A61ED3C923762AB8000C0C83 /* Debug */,
				A61ED3CA23762AB8000C0C83 /* Release */,
			);
			defaultConfigurationIsVisible = 0;
			defaultConfigurationName = Release;
		};
/* End XCConfigurationList section */
	};
	rootObject = A61ED3AC23762AB8000C0C83 /* Project object */;
}
